
Microsoft Visual Studio Solution File, Format Version 12.00
# Visual Studio 15
VisualStudioVersion = 15.0.26730.16
MinimumVisualStudioVersion = 10.0.40219.1
Project("{FAE04EC0-301F-11D3-BF4B-00C04F79EFBC}") = "Calculator", "Calculator\Calculator.csproj", "{94FA8947-2812-4AFC-994D-E487286A1B84}"
EndProject
Global
	GlobalSection(SolutionConfigurationPlatforms) = preSolution
		Debug|Any CPU = Debug|Any CPU
		Release|Any CPU = Release|Any CPU
	EndGlobalSection
	GlobalSection(ProjectConfigurationPlatforms) = postSolution
		{94FA8947-2812-4AFC-994D-E487286A1B84}.Debug|Any CPU.ActiveCfg = Debug|Any CPU
		{94FA8947-2812-4AFC-994D-E487286A1B84}.Debug|Any CPU.Build.0 = Debug|Any CPU
		{94FA8947-2812-4AFC-994D-E487286A1B84}.Release|Any CPU.ActiveCfg = Release|Any CPU
		{94FA8947-2812-4AFC-994D-E487286A1B84}.Release|Any CPU.Build.0 = Release|Any CPU
	EndGlobalSection
	GlobalSection(SolutionProperties) = preSolution
		HideSolutionNode = FALSE
	EndGlobalSection
	GlobalSection(ExtensibilityGlobals) = postSolution
		SolutionGuid = {616DDFDF-DA50-40AA-AF93-2528FA4ABFB6}
	EndGlobalSection
EndGlobal
